{
    "requires": true,
    "lockfileVersion": 1,
    "dependencies": {
        "bulma-toast": {
            "version": "1.5.1",
            "resolved": "https://registry.npmjs.org/bulma-toast/-/bulma-toast-1.5.1.tgz",
            "integrity": "sha512-RgJ9jaQmN418PySZSMHk9ukG6gOpmPu5U96ahe21kgaN3jS6FoA1T8RLu3v73GSLGIAfayyVS73hbR71lh7fug=="
        },
        "datatables-bulma": {
            "version": "1.0.1",
            "resolved": "https://registry.npmjs.org/datatables-bulma/-/datatables-bulma-1.0.1.tgz",
            "integrity": "sha1-brB2M3zeA+7hq7LC6yyIUE6tWnE="
        }
    }
}
